# THIS IS AN AUTOGENERATED FILE. DO NOT EDIT THIS FILE DIRECTLY.
# yarn lockfile v1


abbrev@1:
  version "1.1.1"
  resolved "https://registry.yarnpkg.com/abbrev/-/abbrev-1.1.1.tgz#f8f2c887ad10bf67f634f005b6987fed3179aac8"

ansi-regex@^2.0.0:
  version "2.1.1"
  resolved "https://registry.yarnpkg.com/ansi-regex/-/ansi-regex-2.1.1.tgz#c3b33ab5ee360d86e0e628f0468ae7ef27d654df"

ansi-regex@^3.0.0:
  version "3.0.0"
  resolved "https://registry.yarnpkg.com/ansi-regex/-/ansi-regex-3.0.0.tgz#ed0317c322064f79466c02966bddb605ab37d998"

aproba@^1.0.3:
  version "1.2.0"
  resolved "https://registry.yarnpkg.com/aproba/-/aproba-1.2.0.tgz#6802e6264efd18c790a1b0d517f0f2627bf2c94a"

are-we-there-yet@~1.1.2:
  version "1.1.4"
  resolved "https://registry.yarnpkg.com/are-we-there-yet/-/are-we-there-yet-1.1.4.tgz#bb5dca382bb94f05e15194373d16fd3ba1ca110d"
  dependencies:
    delegates "^1.0.0"
    readable-stream "^2.0.6"

balanced-match@^1.0.0:
  version "1.0.0"
  resolved "https://registry.yarnpkg.com/balanced-match/-/balanced-match-1.0.0.tgz#89b4d199ab2bee49de164ea02b89ce462d71b767"

brace-expansion@^1.1.7:
  version "1.1.8"
  resolved "https://registry.yarnpkg.com/brace-expansion/-/brace-expansion-1.1.8.tgz#c07b211c7c952ec1f8efd51a77ef0d1d3990a292"
  dependencies:
    balanced-match "^1.0.0"
    concat-map "0.0.1"

camelcase@^4.1.0:
  version "4.1.0"
  resolved "https://registry.yarnpkg.com/camelcase/-/camelcase-4.1.0.tgz#d545635be1e33c542649c69173e5de6acfae34dd"

canvas-prebuilt@1.6.11:
  version "1.6.11"
  resolved "https://registry.yarnpkg.com/canvas-prebuilt/-/canvas-prebuilt-1.6.11.tgz#9b37071aa0ddd4f7c2b4a9e279b63fb2dc30db9b"
  integrity sha512-ayBAayYLgFbGBX+cwtOzM4iEQP4XB5DuBbtjgvAwQ66/FMzSR7DhlCqtDZIq9UBbpFCb1QpyDgUNVclHDdBixg==
  dependencies:
    node-pre-gyp "^0.10.0"

canvas@^1.6.13:
  version "1.6.13"
  resolved "https://registry.yarnpkg.com/canvas/-/canvas-1.6.13.tgz#8cb4e9abbea9e615a377890ffac50277a1167c73"
  integrity sha512-XAfzfEOHZ3JIPjEV+WSI6PpISgUta3dgmndWbsajotz+0TQOX/jDpp2kawjRERatOGv9sMMzk5auB3GKEKA6hg==
  dependencies:
    nan "^2.10.0"

chownr@^1.0.1:
  version "1.1.1"
  resolved "https://registry.yarnpkg.com/chownr/-/chownr-1.1.1.tgz#54726b8b8fff4df053c42187e801fb4412df1494"
  integrity sha512-j38EvO5+LHX84jlo6h4UzmOwi0UgW61WRyPtJz4qaadK5eY3BTS5TY/S1Stc3Uk2lIM6TPevAlULiEJwie860g==

cliui@^4.0.0:
  version "4.0.0"
  resolved "https://registry.yarnpkg.com/cliui/-/cliui-4.0.0.tgz#743d4650e05f36d1ed2575b59638d87322bfbbcc"
  dependencies:
    string-width "^2.1.1"
    strip-ansi "^4.0.0"
    wrap-ansi "^2.0.0"

code-point-at@^1.0.0:
  version "1.1.0"
  resolved "https://registry.yarnpkg.com/code-point-at/-/code-point-at-1.1.0.tgz#0d070b4d043a5bea33a2f1a40e2edb3d9a4ccf77"

commander@2:
  version "2.11.0"
  resolved "https://registry.yarnpkg.com/commander/-/commander-2.11.0.tgz#157152fd1e7a6c8d98a5b715cf376df928004563"

concat-map@0.0.1:
  version "0.0.1"
  resolved "https://registry.yarnpkg.com/concat-map/-/concat-map-0.0.1.tgz#d8a96bd77fd68df7793a73036a3ba0d5405d477b"

console-control-strings@^1.0.0, console-control-strings@~1.1.0:
  version "1.1.0"
  resolved "https://registry.yarnpkg.com/console-control-strings/-/console-control-strings-1.1.0.tgz#3d7cf4464db6446ea644bf4b39507f9851008e8e"

core-util-is@~1.0.0:
  version "1.0.2"
  resolved "https://registry.yarnpkg.com/core-util-is/-/core-util-is-1.0.2.tgz#b5fd54220aa2bc5ab57aab7140c940754503c1a7"

cross-spawn@^6.0.0:
  version "6.0.5"
  resolved "https://registry.yarnpkg.com/cross-spawn/-/cross-spawn-6.0.5.tgz#4a5ec7c64dfae22c3a14124dbacdee846d80cbc4"
  integrity sha512-eTVLrBSt7fjbDygz805pMnstIs2VTBNkRm0qxZd+M7A5XDdxVRWO5MxGBXZhjY4cqLYLdtrGqRf8mBPmzwSpWQ==
  dependencies:
    nice-try "^1.0.4"
    path-key "^2.0.1"
    semver "^5.5.0"
    shebang-command "^1.2.0"
    which "^1.2.9"

d3-array@1, d3-array@^1.1.1, d3-array@^1.2.0:
  version "1.2.1"
  resolved "https://registry.yarnpkg.com/d3-array/-/d3-array-1.2.1.tgz#d1ca33de2f6ac31efadb8e050a021d7e2396d5dc"

d3-array@^1.2.1, d3-array@^1.2.4:
  version "1.2.4"
  resolved "https://registry.yarnpkg.com/d3-array/-/d3-array-1.2.4.tgz#635ce4d5eea759f6f605863dbcfc30edc737f71f"
  integrity sha512-KHW6M86R+FUPYGb3R5XiYjXPq7VzwxZ22buHhAEVG5ztoEcZZMLov530mmccaqA1GghZArjQV46fuc8kUqhhHw==

d3-collection@1:
  version "1.0.4"
  resolved "https://registry.yarnpkg.com/d3-collection/-/d3-collection-1.0.4.tgz#342dfd12837c90974f33f1cc0a785aea570dcdc2"

d3-collection@^1.0.7:
  version "1.0.7"
  resolved "https://registry.yarnpkg.com/d3-collection/-/d3-collection-1.0.7.tgz#349bd2aa9977db071091c13144d5e4f16b5b310e"
  integrity sha512-ii0/r5f4sjKNTfh84Di+DpztYwqKhEyUlKoPrzUFfeSkWxjW49xU2QzO9qrPrNkpdI0XJkfzvmTu8V2Zylln6A==

d3-color@1:
  version "1.0.3"
  resolved "https://registry.yarnpkg.com/d3-color/-/d3-color-1.0.3.tgz#bc7643fca8e53a8347e2fbdaffa236796b58509b"

d3-color@^1.2.3:
  version "1.2.3"
  resolved "https://registry.yarnpkg.com/d3-color/-/d3-color-1.2.3.tgz#6c67bb2af6df3cc8d79efcc4d3a3e83e28c8048f"
  integrity sha512-x37qq3ChOTLd26hnps36lexMRhNXEtVxZ4B25rL0DVdDsGQIJGB18S7y9XDwlDD6MD/ZBzITCf4JjGMM10TZkw==

d3-contour@^1.3.0:
  version "1.3.2"
  resolved "https://registry.yarnpkg.com/d3-contour/-/d3-contour-1.3.2.tgz#652aacd500d2264cb3423cee10db69f6f59bead3"
  integrity sha512-hoPp4K/rJCu0ladiH6zmJUEz6+u3lgR+GSm/QdM2BBvDraU39Vr7YdDCicJcxP1z8i9B/2dJLgDC1NcvlF8WCg==
  dependencies:
    d3-array "^1.1.1"

d3-dispatch@1:
  version "1.0.3"
  resolved "https://registry.yarnpkg.com/d3-dispatch/-/d3-dispatch-1.0.3.tgz#46e1491eaa9b58c358fce5be4e8bed626e7871f8"

d3-dsv@^1.0.8:
  version "1.0.10"
  resolved "https://registry.yarnpkg.com/d3-dsv/-/d3-dsv-1.0.10.tgz#4371c489a2a654a297aca16fcaf605a6f31a6f51"
  integrity sha512-vqklfpxmtO2ZER3fq/B33R/BIz3A1PV0FaZRuFM8w6jLo7sUX1BZDh73fPlr0s327rzq4H6EN1q9U+eCBCSN8g==
  dependencies:
    commander "2"
    iconv-lite "0.4"
    rw "1"

d3-force@^1.1.0:
  version "1.1.2"
  resolved "https://registry.yarnpkg.com/d3-force/-/d3-force-1.1.2.tgz#16664d0ac71d8727ef5effe0b374feac8050d6cd"
  integrity sha512-p1vcHAUF1qH7yR+e8ip7Bs61AHjLeKkIn8Z2gzwU2lwEf2wkSpWdjXG0axudTHsVFnYGlMkFaEsVy2l8tAg1Gw==
  dependencies:
    d3-collection "1"
    d3-dispatch "1"
    d3-quadtree "1"
    d3-timer "1"

d3-format@1:
  version "1.2.0"
  resolved "https://registry.yarnpkg.com/d3-format/-/d3-format-1.2.0.tgz#6b480baa886885d4651dc248a8f4ac9da16db07a"

d3-format@^1.3.2:
  version "1.3.2"
  resolved "https://registry.yarnpkg.com/d3-format/-/d3-format-1.3.2.tgz#6a96b5e31bcb98122a30863f7d92365c00603562"
  integrity sha512-Z18Dprj96ExragQ0DeGi+SYPQ7pPfRMtUXtsg/ChVIKNBCzjO8XYJvRTC1usblx52lqge56V5ect+frYTQc8WQ==

d3-geo@^1.10.0, d3-geo@^1.11.1:
  version "1.11.1"
  resolved "https://registry.yarnpkg.com/d3-geo/-/d3-geo-1.11.1.tgz#3f35e582c0d29296618b02a8ade0fdffb2c0e63c"
  integrity sha512-GsG7x9G9sykseLviOVSJ3h5yjw0ItLopOtuDQKUt1TRklEegCw5WAmnIpYYiCkSH/QgUMleAeE2xZK38Qb+1+Q==
  dependencies:
    d3-array "1"

d3-hierarchy@^1.1.8:
  version "1.1.8"
  resolved "https://registry.yarnpkg.com/d3-hierarchy/-/d3-hierarchy-1.1.8.tgz#7a6317bd3ed24e324641b6f1e76e978836b008cc"
  integrity sha512-L+GHMSZNwTpiq4rt9GEsNcpLa4M96lXMR8M/nMG9p5hBE0jy6C+3hWtyZMenPQdwla249iJy7Nx0uKt3n+u9+w==

d3-interpolate@1:
  version "1.1.5"
  resolved "https://registry.yarnpkg.com/d3-interpolate/-/d3-interpolate-1.1.5.tgz#69e099ff39214716e563c9aec3ea9d1ea4b8a79f"
  dependencies:
    d3-color "1"

d3-interpolate@^1.3.2:
  version "1.3.2"
  resolved "https://registry.yarnpkg.com/d3-interpolate/-/d3-interpolate-1.3.2.tgz#417d3ebdeb4bc4efcc8fd4361c55e4040211fd68"
  integrity sha512-NlNKGopqaz9qM1PXh9gBF1KSCVh+jSFErrSlD/4hybwoNX/gt1d8CDbDW+3i+5UOHhjC6s6nMvRxcuoMVNgL2w==
  dependencies:
    d3-color "1"

d3-path@1:
  version "1.0.5"
  resolved "https://registry.yarnpkg.com/d3-path/-/d3-path-1.0.5.tgz#241eb1849bd9e9e8021c0d0a799f8a0e8e441764"

d3-path@^1.0.7:
  version "1.0.7"
  resolved "https://registry.yarnpkg.com/d3-path/-/d3-path-1.0.7.tgz#8de7cd693a75ac0b5480d3abaccd94793e58aae8"
  integrity sha512-q0cW1RpvA5c5ma2rch62mX8AYaiLX0+bdaSM2wxSU9tXjU4DNvkx9qiUvjkuWCj3p22UO/hlPivujqMiR9PDzA==

d3-quadtree@1:
  version "1.0.3"
  resolved "https://registry.yarnpkg.com/d3-quadtree/-/d3-quadtree-1.0.3.tgz#ac7987e3e23fe805a990f28e1b50d38fcb822438"

d3-scale-chromatic@^1.3.3:
  version "1.3.3"
  resolved "https://registry.yarnpkg.com/d3-scale-chromatic/-/d3-scale-chromatic-1.3.3.tgz#dad4366f0edcb288f490128979c3c793583ed3c0"
  integrity sha512-BWTipif1CimXcYfT02LKjAyItX5gKiwxuPRgr4xM58JwlLocWbjPLI7aMEjkcoOQXMkYsmNsvv3d2yl/OKuHHw==
  dependencies:
    d3-color "1"
    d3-interpolate "1"

d3-scale@^2.1.2:
  version "2.1.2"
  resolved "https://registry.yarnpkg.com/d3-scale/-/d3-scale-2.1.2.tgz#4e932b7b60182aee9073ede8764c98423e5f9a94"
  integrity sha512-bESpd64ylaKzCDzvULcmHKZTlzA/6DGSVwx7QSDj/EnX9cpSevsdiwdHFYI9ouo9tNBbV3v5xztHS2uFeOzh8Q==
  dependencies:
    d3-array "^1.2.0"
    d3-collection "1"
    d3-format "1"
    d3-interpolate "1"
    d3-time "1"
    d3-time-format "2"

d3-shape@^1.2.2:
  version "1.2.2"
  resolved "https://registry.yarnpkg.com/d3-shape/-/d3-shape-1.2.2.tgz#f9dba3777a5825f9a8ce8bc928da08c17679e9a7"
  integrity sha512-hUGEozlKecFZ2bOSNt7ENex+4Tk9uc/m0TtTEHBvitCBxUNjhzm5hS2GrrVRD/ae4IylSmxGeqX5tWC2rASMlQ==
  dependencies:
    d3-path "1"

d3-time-format@2:
  version "2.1.0"
  resolved "https://registry.yarnpkg.com/d3-time-format/-/d3-time-format-2.1.0.tgz#a1d9540a1dc498817d44066b121b19a4a83e3531"
  dependencies:
    d3-time "1"

d3-time-format@^2.1.1, d3-time-format@^2.1.3:
  version "2.1.3"
  resolved "https://registry.yarnpkg.com/d3-time-format/-/d3-time-format-2.1.3.tgz#ae06f8e0126a9d60d6364eac5b1533ae1bac826b"
  integrity sha512-6k0a2rZryzGm5Ihx+aFMuO1GgelgIz+7HhB4PH4OEndD5q2zGn1mDfRdNrulspOfR6JXkb2sThhDK41CSK85QA==
  dependencies:
    d3-time "1"

d3-time@1:
  version "1.0.7"
  resolved "https://registry.yarnpkg.com/d3-time/-/d3-time-1.0.7.tgz#94caf6edbb7879bb809d0d1f7572bc48482f7270"

d3-time@^1.0.10:
  version "1.0.10"
  resolved "https://registry.yarnpkg.com/d3-time/-/d3-time-1.0.10.tgz#8259dd71288d72eeacfd8de281c4bf5c7393053c"
  integrity sha512-hF+NTLCaJHF/JqHN5hE8HVGAXPStEq6/omumPE/SxyHVrR7/qQxusFDo0t0c/44+sCGHthC7yNGFZIEgju0P8g==

d3-timer@1:
  version "1.0.7"
  resolved "https://registry.yarnpkg.com/d3-timer/-/d3-timer-1.0.7.tgz#df9650ca587f6c96607ff4e60cc38229e8dd8531"

d3-timer@^1.0.9:
  version "1.0.9"
  resolved "https://registry.yarnpkg.com/d3-timer/-/d3-timer-1.0.9.tgz#f7bb8c0d597d792ff7131e1c24a36dd471a471ba"
  integrity sha512-rT34J5HnQUHhcLvhSB9GjCkN0Ddd5Y8nCwDBG2u6wQEeYxT/Lf51fTFFkldeib/sE/J0clIe0pnCfs6g/lRbyg==

d3-voronoi@^1.1.2:
  version "1.1.4"
  resolved "https://registry.yarnpkg.com/d3-voronoi/-/d3-voronoi-1.1.4.tgz#dd3c78d7653d2bb359284ae478645d95944c8297"
  integrity sha512-dArJ32hchFsrQ8uMiTBLq256MpnZjeuBtdHpaDlYuQyjU0CVzCJl/BVW+SkszaAeH95D/8gxqAhgx0ouAWAfRg==

debug@^2.1.2:
  version "2.6.9"
  resolved "https://registry.yarnpkg.com/debug/-/debug-2.6.9.tgz#5d128515df134ff327e90a4c93f4e077a536341f"
  integrity sha512-bC7ElrdJaJnPbAP+1EotYvqZsb3ecl5wi6Bfi6BJTUcNowp6cvspg0jXznRTKDjm/E7AdgFBVeAPVMNcKGsHMA==
  dependencies:
    ms "2.0.0"

decamelize@^2.0.0:
  version "2.0.0"
  resolved "https://registry.yarnpkg.com/decamelize/-/decamelize-2.0.0.tgz#656d7bbc8094c4c788ea53c5840908c9c7d063c7"
  integrity sha512-Ikpp5scV3MSYxY39ymh45ZLEecsTdv/Xj2CaQfI8RLMuwi7XvjX9H/fhraiSuU+C5w5NTDu4ZU72xNiZnurBPg==
  dependencies:
    xregexp "4.0.0"

deep-extend@^0.6.0:
  version "0.6.0"
  resolved "https://registry.yarnpkg.com/deep-extend/-/deep-extend-0.6.0.tgz#c4fa7c95404a17a9c3e8ca7e1537312b736330ac"
  integrity sha512-LOHxIOaPYdHlJRtCQfDIVZtfw/ufM8+rVj649RIHzcm/vGwQRXFt6OPqIFWsm2XEMrNIEtWR64sY1LEKD2vAOA==

delegates@^1.0.0:
  version "1.0.0"
  resolved "https://registry.yarnpkg.com/delegates/-/delegates-1.0.0.tgz#84c6e159b81904fdca59a0ef44cd870d31250f9a"

detect-libc@^1.0.2:
  version "1.0.2"
  resolved "https://registry.yarnpkg.com/detect-libc/-/detect-libc-1.0.2.tgz#71ad5d204bf17a6a6ca8f450c61454066ef461e1"

execa@^0.10.0:
  version "0.10.0"
  resolved "https://registry.yarnpkg.com/execa/-/execa-0.10.0.tgz#ff456a8f53f90f8eccc71a96d11bdfc7f082cb50"
  integrity sha512-7XOMnz8Ynx1gGo/3hyV9loYNPWM94jG3+3T3Y8tsfSstFmETmENCMU/A/zj8Lyaj1lkgEepKepvd6240tBRvlw==
  dependencies:
    cross-spawn "^6.0.0"
    get-stream "^3.0.0"
    is-stream "^1.1.0"
    npm-run-path "^2.0.0"
    p-finally "^1.0.0"
    signal-exit "^3.0.0"
    strip-eof "^1.0.0"

fast-deep-equal@^2.0.1:
  version "2.0.1"
  resolved "https://registry.yarnpkg.com/fast-deep-equal/-/fast-deep-equal-2.0.1.tgz#7b05218ddf9667bf7f370bf7fdb2cb15fdd0aa49"
  integrity sha1-ewUhjd+WZ79/Nwv3/bLLFf3Qqkk=

find-up@^3.0.0:
  version "3.0.0"
  resolved "https://registry.yarnpkg.com/find-up/-/find-up-3.0.0.tgz#49169f1d7993430646da61ecc5ae355c21c97b73"
  integrity sha512-1yD6RmLI1XBfxugvORwlck6f75tYL+iR0jqwsOrOxMZyGYqUuDhJ0l4AXdO1iX/FTs9cBAMEk1gWSEx1kSbylg==
  dependencies:
    locate-path "^3.0.0"

fs-minipass@^1.2.5:
  version "1.2.5"
  resolved "https://registry.yarnpkg.com/fs-minipass/-/fs-minipass-1.2.5.tgz#06c277218454ec288df77ada54a03b8702aacb9d"
  integrity sha512-JhBl0skXjUPCFH7x6x61gQxrKyXsxB5gcgePLZCwfyCGGsTISMoIeObbrvVeP6Xmyaudw4TT43qV2Gz+iyd2oQ==
  dependencies:
    minipass "^2.2.1"

fs.realpath@^1.0.0:
  version "1.0.0"
  resolved "https://registry.yarnpkg.com/fs.realpath/-/fs.realpath-1.0.0.tgz#1504ad2523158caa40db4a2787cb01411994ea4f"

gauge@~2.7.3:
  version "2.7.4"
  resolved "https://registry.yarnpkg.com/gauge/-/gauge-2.7.4.tgz#2c03405c7538c39d7eb37b317022e325fb018bf7"
  dependencies:
    aproba "^1.0.3"
    console-control-strings "^1.0.0"
    has-unicode "^2.0.0"
    object-assign "^4.1.0"
    signal-exit "^3.0.0"
    string-width "^1.0.1"
    strip-ansi "^3.0.1"
    wide-align "^1.1.0"

get-caller-file@^1.0.1:
  version "1.0.2"
  resolved "https://registry.yarnpkg.com/get-caller-file/-/get-caller-file-1.0.2.tgz#f702e63127e7e231c160a80c1554acb70d5047e5"

get-stream@^3.0.0:
  version "3.0.0"
  resolved "https://registry.yarnpkg.com/get-stream/-/get-stream-3.0.0.tgz#8e943d1358dc37555054ecbe2edb05aa174ede14"

glob@^7.0.5:
  version "7.1.2"
  resolved "https://registry.yarnpkg.com/glob/-/glob-7.1.2.tgz#c19c9df9a028702d678612384a6552404c636d15"
  dependencies:
    fs.realpath "^1.0.0"
    inflight "^1.0.4"
    inherits "2"
    minimatch "^3.0.4"
    once "^1.3.0"
    path-is-absolute "^1.0.0"

has-unicode@^2.0.0:
  version "2.0.1"
  resolved "https://registry.yarnpkg.com/has-unicode/-/has-unicode-2.0.1.tgz#e0e6fe6a28cf51138855e086d1691e771de2a8b9"

iconv-lite@0.4:
  version "0.4.19"
  resolved "https://registry.yarnpkg.com/iconv-lite/-/iconv-lite-0.4.19.tgz#f7468f60135f5e5dad3399c0a81be9a1603a082b"

iconv-lite@^0.4.4:
  version "0.4.24"
  resolved "https://registry.yarnpkg.com/iconv-lite/-/iconv-lite-0.4.24.tgz#2022b4b25fbddc21d2f524974a474aafe733908b"
  integrity sha512-v3MXnZAcvnywkTUEZomIActle7RXXeedOR31wwl7VlyoXO4Qi9arvSenNQWne1TcRwhCL1HwLI21bEqdpj8/rA==
  dependencies:
    safer-buffer ">= 2.1.2 < 3"

ignore-walk@^3.0.1:
  version "3.0.1"
  resolved "https://registry.yarnpkg.com/ignore-walk/-/ignore-walk-3.0.1.tgz#a83e62e7d272ac0e3b551aaa82831a19b69f82f8"
  integrity sha512-DTVlMx3IYPe0/JJcYP7Gxg7ttZZu3IInhuEhbchuqneY9wWe5Ojy2mXLBaQFUQmo0AW2r3qG7m1mg86js+gnlQ==
  dependencies:
    minimatch "^3.0.4"

inflight@^1.0.4:
  version "1.0.6"
  resolved "https://registry.yarnpkg.com/inflight/-/inflight-1.0.6.tgz#49bd6331d7d02d0c09bc910a1075ba8165b56df9"
  dependencies:
    once "^1.3.0"
    wrappy "1"

inherits@2, inherits@~2.0.3:
  version "2.0.3"
  resolved "https://registry.yarnpkg.com/inherits/-/inherits-2.0.3.tgz#633c2c83e3da42a502f52466022480f4208261de"

ini@~1.3.0:
  version "1.3.4"
  resolved "https://registry.yarnpkg.com/ini/-/ini-1.3.4.tgz#0537cb79daf59b59a1a517dff706c86ec039162e"

invert-kv@^2.0.0:
  version "2.0.0"
  resolved "https://registry.yarnpkg.com/invert-kv/-/invert-kv-2.0.0.tgz#7393f5afa59ec9ff5f67a27620d11c226e3eec02"
  integrity sha512-wPVv/y/QQ/Uiirj/vh3oP+1Ww+AWehmi1g5fFWGPF6IpCBCDVrhgHRMvrLfdYcwDh3QJbGXDW4JAuzxElLSqKA==

is-fullwidth-code-point@^1.0.0:
  version "1.0.0"
  resolved "https://registry.yarnpkg.com/is-fullwidth-code-point/-/is-fullwidth-code-point-1.0.0.tgz#ef9e31386f031a7f0d643af82fde50c457ef00cb"
  dependencies:
    number-is-nan "^1.0.0"

is-fullwidth-code-point@^2.0.0:
  version "2.0.0"
  resolved "https://registry.yarnpkg.com/is-fullwidth-code-point/-/is-fullwidth-code-point-2.0.0.tgz#a3b30a5c4f199183167aaab93beefae3ddfb654f"

is-stream@^1.1.0:
  version "1.1.0"
  resolved "https://registry.yarnpkg.com/is-stream/-/is-stream-1.1.0.tgz#12d4a3dd4e68e0b79ceb8dbc84173ae80d91ca44"

isarray@~1.0.0:
  version "1.0.0"
  resolved "https://registry.yarnpkg.com/isarray/-/isarray-1.0.0.tgz#bb935d48582cba168c06834957a54a3e07124f11"

isexe@^2.0.0:
  version "2.0.0"
  resolved "https://registry.yarnpkg.com/isexe/-/isexe-2.0.0.tgz#e8fbf374dc556ff8947a10dcb0572d633f2cfa10"

json-stable-stringify@^1.0.1:
  version "1.0.1"
  resolved "https://registry.yarnpkg.com/json-stable-stringify/-/json-stable-stringify-1.0.1.tgz#9a759d39c5f2ff503fd5300646ed445f88c4f9af"
  dependencies:
    jsonify "~0.0.0"

json-stringify-pretty-compact@^1.2.0:
  version "1.2.0"
  resolved "https://registry.yarnpkg.com/json-stringify-pretty-compact/-/json-stringify-pretty-compact-1.2.0.tgz#0bc316b5e6831c07041fc35612487fb4e9ab98b8"
  integrity sha512-/11Pj1OyX814QMKO7K8l85SHPTr/KsFxHp8GE2zVa0BtJgGimDjXHfM3FhC7keQdWDea7+nXf+f1de7ATZcZkQ==

jsonify@~0.0.0:
  version "0.0.0"
  resolved "https://registry.yarnpkg.com/jsonify/-/jsonify-0.0.0.tgz#2c74b6ee41d93ca51b7b5aaee8f503631d252a73"

lcid@^2.0.0:
  version "2.0.0"
  resolved "https://registry.yarnpkg.com/lcid/-/lcid-2.0.0.tgz#6ef5d2df60e52f82eb228a4c373e8d1f397253cf"
  integrity sha512-avPEb8P8EGnwXKClwsNUgryVjllcRqtMYa49NTsbQagYuT1DcXnl1915oxWjoyGrXR6zH/Y0Zc96xWsPcoDKeA==
  dependencies:
    invert-kv "^2.0.0"

locate-path@^3.0.0:
  version "3.0.0"
  resolved "https://registry.yarnpkg.com/locate-path/-/locate-path-3.0.0.tgz#dbec3b3ab759758071b58fe59fc41871af21400e"
  integrity sha512-7AO748wWnIhNqAuaty2ZWHkQHRSNfPVIsPIfwEOWO22AmaoVrWavlOcMR5nzTLNYvp36X220/maaRsrec1G65A==
  dependencies:
    p-locate "^3.0.0"
    path-exists "^3.0.0"

map-age-cleaner@^0.1.1:
  version "0.1.2"
  resolved "https://registry.yarnpkg.com/map-age-cleaner/-/map-age-cleaner-0.1.2.tgz#098fb15538fd3dbe461f12745b0ca8568d4e3f74"
  integrity sha512-UN1dNocxQq44IhJyMI4TU8phc2m9BddacHRPRjKGLYaF0jqd3xLz0jS0skpAU9WgYyoR4gHtUpzytNBS385FWQ==
  dependencies:
    p-defer "^1.0.0"

mem@^4.0.0:
  version "4.0.0"
  resolved "https://registry.yarnpkg.com/mem/-/mem-4.0.0.tgz#6437690d9471678f6cc83659c00cbafcd6b0cdaf"
  integrity sha512-WQxG/5xYc3tMbYLXoXPm81ET2WDULiU5FxbuIoNbJqLOOI8zehXFdZuiUEgfdrU2mVB1pxBZUGlYORSrpuJreA==
  dependencies:
    map-age-cleaner "^0.1.1"
    mimic-fn "^1.0.0"
    p-is-promise "^1.1.0"

mimic-fn@^1.0.0:
  version "1.1.0"
  resolved "https://registry.yarnpkg.com/mimic-fn/-/mimic-fn-1.1.0.tgz#e667783d92e89dbd342818b5230b9d62a672ad18"

minimatch@^3.0.4:
  version "3.0.4"
  resolved "https://registry.yarnpkg.com/minimatch/-/minimatch-3.0.4.tgz#5166e286457f03306064be5497e8dbb0c3d32083"
  dependencies:
    brace-expansion "^1.1.7"

minimist@0.0.8:
  version "0.0.8"
  resolved "https://registry.yarnpkg.com/minimist/-/minimist-0.0.8.tgz#857fcabfc3397d2625b8228262e86aa7a011b05d"

minimist@^1.2.0:
  version "1.2.0"
  resolved "https://registry.yarnpkg.com/minimist/-/minimist-1.2.0.tgz#a35008b20f41383eec1fb914f4cd5df79a264284"

minipass@^2.2.1, minipass@^2.3.3:
  version "2.3.5"
  resolved "https://registry.yarnpkg.com/minipass/-/minipass-2.3.5.tgz#cacebe492022497f656b0f0f51e2682a9ed2d848"
  integrity sha512-Gi1W4k059gyRbyVUZQ4mEqLm0YIUiGYfvxhF6SIlk3ui1WVxMTGfGdQ2SInh3PDrRTVvPKgULkpJtT4RH10+VA==
  dependencies:
    safe-buffer "^5.1.2"
    yallist "^3.0.0"

minizlib@^1.1.0:
  version "1.1.1"
  resolved "https://registry.yarnpkg.com/minizlib/-/minizlib-1.1.1.tgz#6734acc045a46e61d596a43bb9d9cd326e19cc42"
  integrity sha512-TrfjCjk4jLhcJyGMYymBH6oTXcWjYbUAXTHDbtnWHjZC25h0cdajHuPE1zxb4DVmu8crfh+HwH/WMuyLG0nHBg==
  dependencies:
    minipass "^2.2.1"

mkdirp@^0.5.0, mkdirp@^0.5.1:
  version "0.5.1"
  resolved "https://registry.yarnpkg.com/mkdirp/-/mkdirp-0.5.1.tgz#30057438eac6cf7f8c4767f38648d6697d75c903"
  dependencies:
    minimist "0.0.8"

ms@2.0.0:
  version "2.0.0"
  resolved "https://registry.yarnpkg.com/ms/-/ms-2.0.0.tgz#5608aeadfc00be6c2901df5f9861788de0d597c8"

nan@^2.10.0:
  version "2.11.1"
  resolved "https://registry.yarnpkg.com/nan/-/nan-2.11.1.tgz#90e22bccb8ca57ea4cd37cc83d3819b52eea6766"
  integrity sha512-iji6k87OSXa0CcrLl9z+ZiYSuR2o+c0bGuNmXdrhTQTakxytAFsC56SArGYoiHlJlFoHSnvmhpceZJaXkVuOtA==

needle@^2.2.1:
  version "2.2.4"
  resolved "https://registry.yarnpkg.com/needle/-/needle-2.2.4.tgz#51931bff82533b1928b7d1d69e01f1b00ffd2a4e"
  integrity sha512-HyoqEb4wr/rsoaIDfTH2aVL9nWtQqba2/HvMv+++m8u0dz808MaagKILxtfeSN7QU7nvbQ79zk3vYOJp9zsNEA==
  dependencies:
    debug "^2.1.2"
    iconv-lite "^0.4.4"
    sax "^1.2.4"

nice-try@^1.0.4:
  version "1.0.5"
  resolved "https://registry.yarnpkg.com/nice-try/-/nice-try-1.0.5.tgz#a3378a7696ce7d223e88fc9b764bd7ef1089e366"
  integrity sha512-1nh45deeb5olNY7eX82BkPO7SSxR5SSYJiPTrTdFUVYwAl8CKMA5N9PjTYkHiRjisVcxcQ1HXdLhx2qxxJzLNQ==

node-fetch@^2.1.2:
  version "2.2.0"
  resolved "https://registry.yarnpkg.com/node-fetch/-/node-fetch-2.2.0.tgz#4ee79bde909262f9775f731e3656d0db55ced5b5"
  integrity sha512-OayFWziIxiHY8bCUyLX6sTpDH8Jsbp4FfYd1j1f7vZyfgkcOnAyM4oQR16f8a0s7Gl/viMGRey8eScYk4V4EZA==

node-pre-gyp@^0.10.0:
  version "0.10.3"
  resolved "https://registry.yarnpkg.com/node-pre-gyp/-/node-pre-gyp-0.10.3.tgz#3070040716afdc778747b61b6887bf78880b80fc"
  integrity sha512-d1xFs+C/IPS8Id0qPTZ4bUT8wWryfR/OzzAFxweG+uLN85oPzyo2Iw6bVlLQ/JOdgNonXLCoRyqDzDWq4iw72A==
  dependencies:
    detect-libc "^1.0.2"
    mkdirp "^0.5.1"
    needle "^2.2.1"
    nopt "^4.0.1"
    npm-packlist "^1.1.6"
    npmlog "^4.0.2"
    rc "^1.2.7"
    rimraf "^2.6.1"
    semver "^5.3.0"
    tar "^4"

nopt@^4.0.1:
  version "4.0.1"
  resolved "https://registry.yarnpkg.com/nopt/-/nopt-4.0.1.tgz#d0d4685afd5415193c8c7505602d0d17cd64474d"
  dependencies:
    abbrev "1"
    osenv "^0.1.4"

npm-bundled@^1.0.1:
  version "1.0.5"
  resolved "https://registry.yarnpkg.com/npm-bundled/-/npm-bundled-1.0.5.tgz#3c1732b7ba936b3a10325aef616467c0ccbcc979"
  integrity sha512-m/e6jgWu8/v5niCUKQi9qQl8QdeEduFA96xHDDzFGqly0OOjI7c+60KM/2sppfnUU9JJagf+zs+yGhqSOFj71g==

npm-packlist@^1.1.6:
  version "1.1.12"
  resolved "https://registry.yarnpkg.com/npm-packlist/-/npm-packlist-1.1.12.tgz#22bde2ebc12e72ca482abd67afc51eb49377243a"
  integrity sha512-WJKFOVMeAlsU/pjXuqVdzU0WfgtIBCupkEVwn+1Y0ERAbUfWw8R4GjgVbaKnUjRoD2FoQbHOCbOyT5Mbs9Lw4g==
  dependencies:
    ignore-walk "^3.0.1"
    npm-bundled "^1.0.1"

npm-run-path@^2.0.0:
  version "2.0.2"
  resolved "https://registry.yarnpkg.com/npm-run-path/-/npm-run-path-2.0.2.tgz#35a9232dfa35d7067b4cb2ddf2357b1871536c5f"
  dependencies:
    path-key "^2.0.0"

npmlog@^4.0.2:
  version "4.1.2"
  resolved "https://registry.yarnpkg.com/npmlog/-/npmlog-4.1.2.tgz#08a7f2a8bf734604779a9efa4ad5cc717abb954b"
  dependencies:
    are-we-there-yet "~1.1.2"
    console-control-strings "~1.1.0"
    gauge "~2.7.3"
    set-blocking "~2.0.0"

number-is-nan@^1.0.0:
  version "1.0.1"
  resolved "https://registry.yarnpkg.com/number-is-nan/-/number-is-nan-1.0.1.tgz#097b602b53422a522c1afb8790318336941a011d"

object-assign@^4.1.0:
  version "4.1.1"
  resolved "https://registry.yarnpkg.com/object-assign/-/object-assign-4.1.1.tgz#2109adc7965887cfc05cbbd442cac8bfbb360863"

once@^1.3.0:
  version "1.4.0"
  resolved "https://registry.yarnpkg.com/once/-/once-1.4.0.tgz#583b1aa775961d4b113ac17d9c50baef9dd76bd1"
  dependencies:
    wrappy "1"

os-homedir@^1.0.0:
  version "1.0.2"
  resolved "https://registry.yarnpkg.com/os-homedir/-/os-homedir-1.0.2.tgz#ffbc4988336e0e833de0c168c7ef152121aa7fb3"

os-locale@^3.0.0:
  version "3.0.1"
  resolved "https://registry.yarnpkg.com/os-locale/-/os-locale-3.0.1.tgz#3b014fbf01d87f60a1e5348d80fe870dc82c4620"
  integrity sha512-7g5e7dmXPtzcP4bgsZ8ixDVqA7oWYuEz4lOSujeWyliPai4gfVDiFIcwBg3aGCPnmSGfzOKTK3ccPn0CKv3DBw==
  dependencies:
    execa "^0.10.0"
    lcid "^2.0.0"
    mem "^4.0.0"

os-tmpdir@^1.0.0:
  version "1.0.2"
  resolved "https://registry.yarnpkg.com/os-tmpdir/-/os-tmpdir-1.0.2.tgz#bbe67406c79aa85c5cfec766fe5734555dfa1274"

osenv@^0.1.4:
  version "0.1.4"
  resolved "https://registry.yarnpkg.com/osenv/-/osenv-0.1.4.tgz#42fe6d5953df06c8064be6f176c3d05aaaa34644"
  dependencies:
    os-homedir "^1.0.0"
    os-tmpdir "^1.0.0"

p-defer@^1.0.0:
  version "1.0.0"
  resolved "https://registry.yarnpkg.com/p-defer/-/p-defer-1.0.0.tgz#9f6eb182f6c9aa8cd743004a7d4f96b196b0fb0c"
  integrity sha1-n26xgvbJqozXQwBKfU+WsZaw+ww=

p-finally@^1.0.0:
  version "1.0.0"
  resolved "https://registry.yarnpkg.com/p-finally/-/p-finally-1.0.0.tgz#3fbcfb15b899a44123b34b6dcc18b724336a2cae"

p-is-promise@^1.1.0:
  version "1.1.0"
  resolved "https://registry.yarnpkg.com/p-is-promise/-/p-is-promise-1.1.0.tgz#9c9456989e9f6588017b0434d56097675c3da05e"
  integrity sha1-nJRWmJ6fZYgBewQ01WCXZ1w9oF4=

p-limit@^2.0.0:
  version "2.0.0"
  resolved "https://registry.yarnpkg.com/p-limit/-/p-limit-2.0.0.tgz#e624ed54ee8c460a778b3c9f3670496ff8a57aec"
  integrity sha512-fl5s52lI5ahKCernzzIyAP0QAZbGIovtVHGwpcu1Jr/EpzLVDI2myISHwGqK7m8uQFugVWSrbxH7XnhGtvEc+A==
  dependencies:
    p-try "^2.0.0"

p-locate@^3.0.0:
  version "3.0.0"
  resolved "https://registry.yarnpkg.com/p-locate/-/p-locate-3.0.0.tgz#322d69a05c0264b25997d9f40cd8a891ab0064a4"
  integrity sha512-x+12w/To+4GFfgJhBEpiDcLozRJGegY+Ei7/z0tSLkMmxGZNybVMSfWj9aJn8Z5Fc7dBUNJOOVgPv2H7IwulSQ==
  dependencies:
    p-limit "^2.0.0"

p-try@^2.0.0:
  version "2.0.0"
  resolved "https://registry.yarnpkg.com/p-try/-/p-try-2.0.0.tgz#85080bb87c64688fa47996fe8f7dfbe8211760b1"
  integrity sha512-hMp0onDKIajHfIkdRk3P4CdCmErkYAxxDtP3Wx/4nZ3aGlau2VKh3mZpcuFkH27WQkL/3WBCPOktzA9ZOAnMQQ==

path-exists@^3.0.0:
  version "3.0.0"
  resolved "https://registry.yarnpkg.com/path-exists/-/path-exists-3.0.0.tgz#ce0ebeaa5f78cb18925ea7d810d7b59b010fd515"

path-is-absolute@^1.0.0:
  version "1.0.1"
  resolved "https://registry.yarnpkg.com/path-is-absolute/-/path-is-absolute-1.0.1.tgz#174b9268735534ffbc7ace6bf53a5a9e1b5c5f5f"

path-key@^2.0.0, path-key@^2.0.1:
  version "2.0.1"
  resolved "https://registry.yarnpkg.com/path-key/-/path-key-2.0.1.tgz#411cadb574c5a140d3a4b1910d40d80cc9f40b40"

prettier@^1.10.2:
  version "1.11.1"
  resolved "https://registry.yarnpkg.com/prettier/-/prettier-1.11.1.tgz#61e43fc4cd44e68f2b0dfc2c38cd4bb0fccdcc75"

process-nextick-args@~1.0.6:
  version "1.0.7"
  resolved "https://registry.yarnpkg.com/process-nextick-args/-/process-nextick-args-1.0.7.tgz#150e20b756590ad3f91093f25a4f2ad8bff30ba3"

rc@^1.2.7:
  version "1.2.8"
  resolved "https://registry.yarnpkg.com/rc/-/rc-1.2.8.tgz#cd924bf5200a075b83c188cd6b9e211b7fc0d3ed"
  integrity sha512-y3bGgqKj3QBdxLbLkomlohkvsA8gdAiUQlSBJnBhfn+BPxg4bc62d8TcBW15wavDfgexCgccckhcZvywyQYPOw==
  dependencies:
    deep-extend "^0.6.0"
    ini "~1.3.0"
    minimist "^1.2.0"
    strip-json-comments "~2.0.1"

readable-stream@^2.0.6:
  version "2.3.3"
  resolved "https://registry.yarnpkg.com/readable-stream/-/readable-stream-2.3.3.tgz#368f2512d79f9d46fdfc71349ae7878bbc1eb95c"
  dependencies:
    core-util-is "~1.0.0"
    inherits "~2.0.3"
    isarray "~1.0.0"
    process-nextick-args "~1.0.6"
    safe-buffer "~5.1.1"
    string_decoder "~1.0.3"
    util-deprecate "~1.0.1"

require-directory@^2.1.1:
  version "2.1.1"
  resolved "https://registry.yarnpkg.com/require-directory/-/require-directory-2.1.1.tgz#8c64ad5fd30dab1c976e2344ffe7f792a6a6df42"

require-main-filename@^1.0.1:
  version "1.0.1"
  resolved "https://registry.yarnpkg.com/require-main-filename/-/require-main-filename-1.0.1.tgz#97f717b69d48784f5f526a6c5aa8ffdda055a4d1"

rimraf@^2.6.1:
  version "2.6.2"
  resolved "https://registry.yarnpkg.com/rimraf/-/rimraf-2.6.2.tgz#2ed8150d24a16ea8651e6d6ef0f47c4158ce7a36"
  dependencies:
    glob "^7.0.5"

rw@1:
  version "1.3.3"
  resolved "https://registry.yarnpkg.com/rw/-/rw-1.3.3.tgz#3f862dfa91ab766b14885ef4d01124bfda074fb4"

safe-buffer@^5.1.2:
  version "5.1.2"
  resolved "https://registry.yarnpkg.com/safe-buffer/-/safe-buffer-5.1.2.tgz#991ec69d296e0313747d59bdfd2b745c35f8828d"
  integrity sha512-Gd2UZBJDkXlY7GbJxfsE8/nvKkUEU1G38c1siN6QP6a9PT9MmHB8GnpscSmMJSoF8LOIrt8ud/wPtojys4G6+g==

safe-buffer@~5.1.0, safe-buffer@~5.1.1:
  version "5.1.1"
  resolved "https://registry.yarnpkg.com/safe-buffer/-/safe-buffer-5.1.1.tgz#893312af69b2123def71f57889001671eeb2c853"

"safer-buffer@>= 2.1.2 < 3":
  version "2.1.2"
  resolved "https://registry.yarnpkg.com/safer-buffer/-/safer-buffer-2.1.2.tgz#44fa161b0187b9549dd84bb91802f9bd8385cd6a"

sax@^1.2.4:
  version "1.2.4"
  resolved "https://registry.yarnpkg.com/sax/-/sax-1.2.4.tgz#2816234e2378bddc4e5354fab5caa895df7100d9"
  integrity sha512-NqVDv9TpANUjFm0N8uM5GxL36UgKi9/atZw+x7YFnQ8ckwFGKrl4xX4yWtrey3UJm5nP1kUbnYgLopqWNSRhWw==

semver@^5.3.0:
  version "5.4.1"
  resolved "https://registry.yarnpkg.com/semver/-/semver-5.4.1.tgz#e059c09d8571f0540823733433505d3a2f00b18e"

semver@^5.5.0:
  version "5.6.0"
  resolved "https://registry.yarnpkg.com/semver/-/semver-5.6.0.tgz#7e74256fbaa49c75aa7c7a205cc22799cac80004"
  integrity sha512-RS9R6R35NYgQn++fkDWaOmqGoj4Ek9gGs+DPxNUZKuwE183xjJroKvyo1IzVFeXvUrvmALy6FWD5xrdJT25gMg==

set-blocking@^2.0.0, set-blocking@~2.0.0:
  version "2.0.0"
  resolved "https://registry.yarnpkg.com/set-blocking/-/set-blocking-2.0.0.tgz#045f9782d011ae9a6803ddd382b24392b3d890f7"

shebang-command@^1.2.0:
  version "1.2.0"
  resolved "https://registry.yarnpkg.com/shebang-command/-/shebang-command-1.2.0.tgz#44aac65b695b03398968c39f363fee5deafdf1ea"
  dependencies:
    shebang-regex "^1.0.0"

shebang-regex@^1.0.0:
  version "1.0.0"
  resolved "https://registry.yarnpkg.com/shebang-regex/-/shebang-regex-1.0.0.tgz#da42f49740c0b42db2ca9728571cb190c98efea3"

signal-exit@^3.0.0:
  version "3.0.2"
  resolved "https://registry.yarnpkg.com/signal-exit/-/signal-exit-3.0.2.tgz#b5fdc08f1287ea1178628e415e25132b73646c6d"

string-width@^1.0.1, string-width@^1.0.2:
  version "1.0.2"
  resolved "https://registry.yarnpkg.com/string-width/-/string-width-1.0.2.tgz#118bdf5b8cdc51a2a7e70d211e07e2b0b9b107d3"
  dependencies:
    code-point-at "^1.0.0"
    is-fullwidth-code-point "^1.0.0"
    strip-ansi "^3.0.0"

string-width@^2.0.0, string-width@^2.1.1:
  version "2.1.1"
  resolved "https://registry.yarnpkg.com/string-width/-/string-width-2.1.1.tgz#ab93f27a8dc13d28cac815c462143a6d9012ae9e"
  dependencies:
    is-fullwidth-code-point "^2.0.0"
    strip-ansi "^4.0.0"

string_decoder@~1.0.3:
  version "1.0.3"
  resolved "https://registry.yarnpkg.com/string_decoder/-/string_decoder-1.0.3.tgz#0fc67d7c141825de94282dd536bec6b9bce860ab"
  dependencies:
    safe-buffer "~5.1.0"

strip-ansi@^3.0.0, strip-ansi@^3.0.1:
  version "3.0.1"
  resolved "https://registry.yarnpkg.com/strip-ansi/-/strip-ansi-3.0.1.tgz#6a385fb8853d952d5ff05d0e8aaf94278dc63dcf"
  dependencies:
    ansi-regex "^2.0.0"

strip-ansi@^4.0.0:
  version "4.0.0"
  resolved "https://registry.yarnpkg.com/strip-ansi/-/strip-ansi-4.0.0.tgz#a8479022eb1ac368a871389b635262c505ee368f"
  dependencies:
    ansi-regex "^3.0.0"

strip-eof@^1.0.0:
  version "1.0.0"
  resolved "https://registry.yarnpkg.com/strip-eof/-/strip-eof-1.0.0.tgz#bb43ff5598a6eb05d89b59fcd129c983313606bf"

strip-json-comments@~2.0.1:
  version "2.0.1"
  resolved "https://registry.yarnpkg.com/strip-json-comments/-/strip-json-comments-2.0.1.tgz#3c531942e908c2697c0ec344858c286c7ca0a60a"

tar@^4:
  version "4.4.6"
  resolved "https://registry.yarnpkg.com/tar/-/tar-4.4.6.tgz#63110f09c00b4e60ac8bcfe1bf3c8660235fbc9b"
  integrity sha512-tMkTnh9EdzxyfW+6GK6fCahagXsnYk6kE6S9Gr9pjVdys769+laCTbodXDhPAjzVtEBazRgP0gYqOjnk9dQzLg==
  dependencies:
    chownr "^1.0.1"
    fs-minipass "^1.2.5"
    minipass "^2.3.3"
    minizlib "^1.1.0"
    mkdirp "^0.5.0"
    safe-buffer "^5.1.2"
    yallist "^3.0.2"

topojson-client@^3.0.0:
  version "3.0.0"
  resolved "https://registry.yarnpkg.com/topojson-client/-/topojson-client-3.0.0.tgz#1f99293a77ef42a448d032a81aa982b73f360d2f"
  integrity sha1-H5kpOnfvQqRI0DKoGqmCtz82DS8=
  dependencies:
    commander "2"

tslib@^1.9.3:
  version "1.9.3"
  resolved "https://registry.yarnpkg.com/tslib/-/tslib-1.9.3.tgz#d7e4dd79245d85428c4d7e4822a79917954ca286"
  integrity sha512-4krF8scpejhaOgqzBEcGM7yDIEfi0/8+8zDRZhNZZ2kjmHJ4hv3zCbQWxoJGz1iw5U0Jl0nma13xzHXcncMavQ==

util-deprecate@~1.0.1:
  version "1.0.2"
  resolved "https://registry.yarnpkg.com/util-deprecate/-/util-deprecate-1.0.2.tgz#450d4dc9fa70de732762fbd2d4a28981419a0ccf"

vega-canvas@^1.0.1, vega-canvas@^1.1.0:
  version "1.1.0"
  resolved "https://registry.yarnpkg.com/vega-canvas/-/vega-canvas-1.1.0.tgz#99ce74d4510a46fc9ed1a8721014da725898ec9f"
  integrity sha512-0RBwjnrFf4VRhNm5ICY+o1/q6mynli+VheOXKGML9mElRsplZgzd/pv9NnNRNigU+M66Kr7zUpskoakh8EhW9Q==

vega-crossfilter@^3.0.0:
  version "3.0.0"
  resolved "https://registry.yarnpkg.com/vega-crossfilter/-/vega-crossfilter-3.0.0.tgz#390f4c380a9c6018bf89700c38c08d16cd95607a"
  integrity sha512-h8HLc0YGaCFx3XTJYe2ixDQKHErvAFmFCE5EzLf7qmoWKtfXvXqB0+YcV/h5XC6VmLdUwFzMah+deDjIwncq7g==
  dependencies:
    d3-array "^1.2.1"
    vega-dataflow "^4.0.0"
    vega-util "^1.7.0"

vega-dataflow@^4.0.0, vega-dataflow@^4.0.3, vega-dataflow@^4.0.4:
  version "4.0.4"
  resolved "https://registry.yarnpkg.com/vega-dataflow/-/vega-dataflow-4.0.4.tgz#e2f4b4805618d01c0b833a93484d3c244675fba3"
  integrity sha1-4vS0gFYY0BwLgzqTSE08JEZ1+6M=
  dependencies:
    vega-loader "^3.0.1"
    vega-util "^1.7.0"

vega-encode@^3.2.0:
  version "3.2.0"
  resolved "https://registry.yarnpkg.com/vega-encode/-/vega-encode-3.2.0.tgz#4613b793d39129106f2bc30fbace82117566ebce"
  integrity sha512-GQPBo3HDzlTTgieuVdDSgHfjO1XIAbpvsHMmxv156sfNsC2Iv/HdNdw58ajCrmRHz5RQbagniJVY7MJq8ZWkqg==
  dependencies:
    d3-array "^1.2.4"
    d3-format "^1.3.2"
    d3-interpolate "^1.3.2"
    vega-dataflow "^4.0.4"
    vega-scale "^2.5.0"
    vega-util "^1.7.0"

vega-event-selector@^2.0.0:
  version "2.0.0"
  resolved "https://registry.yarnpkg.com/vega-event-selector/-/vega-event-selector-2.0.0.tgz#6af8dc7345217017ceed74e9155b8d33bad05d42"

vega-expression@^2.4.0:
  version "2.4.0"
  resolved "https://registry.yarnpkg.com/vega-expression/-/vega-expression-2.4.0.tgz#02eb789623bf24c959b7b8756bf2cacb10bd54a6"
  integrity sha512-Ti2rqnXscu281omgAukd37yDcw2AjETshB8tWcTOciFPUkfLQKwL6d1UIuIq4RkWuKDTU9Htd2UCpvFDu+O1eQ==
  dependencies:
    vega-util "^1.7.0"

vega-force@^3.0.0:
  version "3.0.0"
  resolved "https://registry.yarnpkg.com/vega-force/-/vega-force-3.0.0.tgz#f5d10bb0a49e41c47f2d83441e407510948eb89a"
  integrity sha512-Uar26RDxDQEpIdWBIFKnOr6/B30RU8/2qBtoiux1C3goZIWBRkXNlCR5kMDkll8Mg60deD6ynflsXXNwyGS69w==
  dependencies:
    d3-force "^1.1.0"
    vega-dataflow "^4.0.0"
    vega-util "^1.7.0"

vega-geo@^3.1.0:
  version "3.1.0"
  resolved "https://registry.yarnpkg.com/vega-geo/-/vega-geo-3.1.0.tgz#2022f0dc612199585b10d2274967fee94d7505b4"
  integrity sha1-ICLw3GEhmVhbENInSWf+6U11BbQ=
  dependencies:
    d3-array "^1.2.1"
    d3-contour "^1.3.0"
    d3-geo "^1.10.0"
    vega-dataflow "^4.0.3"
    vega-projection "^1.2.0"
    vega-util "^1.7.0"

vega-hierarchy@^3.1.0:
  version "3.1.0"
  resolved "https://registry.yarnpkg.com/vega-hierarchy/-/vega-hierarchy-3.1.0.tgz#ce3df9ab09b3324144df9273d650391f082696ec"
  integrity sha512-zPxOsQbswVDMfn9JdDG0ihZA4qhQL5WJxBsSRFsMeuyDTFuE6biBInpm/g0QDGmHMF2EOY4AwD2WRyF+jAyTqw==
  dependencies:
    d3-collection "^1.0.7"
    d3-hierarchy "^1.1.8"
    vega-dataflow "^4.0.4"
    vega-util "^1.7.0"

vega-lib@4.3.0:
  version "4.3.0"
  resolved "https://registry.yarnpkg.com/vega-lib/-/vega-lib-4.3.0.tgz#b17bea4393a281db3e647e665b9e97aa793ccfd6"
  integrity sha512-NNTpxpUAQfFUqkf6XnsL5nko9sCIQPMRe5AZI9Bsb8mHaA0oukAV1dPIb57MIYZg/wYwtrvc6EwhKxsjCQZHnA==
  dependencies:
    vega-crossfilter "^3.0.0"
    vega-dataflow "^4.0.4"
    vega-encode "^3.2.0"
    vega-event-selector "^2.0.0"
    vega-expression "^2.4.0"
    vega-force "^3.0.0"
    vega-geo "^3.1.0"
    vega-hierarchy "^3.1.0"
    vega-loader "^3.0.1"
    vega-parser "^3.8.0"
    vega-projection "^1.2.0"
    vega-runtime "^3.1.1"
    vega-scale "^2.5.0"
    vega-scenegraph "^3.2.3"
    vega-statistics "^1.2.2"
    vega-transforms "^2.3.0"
    vega-typings "*"
    vega-util "^1.7.0"
    vega-view "^3.4.0"
    vega-view-transforms "^2.0.3"
    vega-voronoi "^3.0.0"
    vega-wordcloud "^3.0.0"

vega-lite@^3.0.0-rc8:
  version "3.0.0-rc8"
  resolved "https://registry.yarnpkg.com/vega-lite/-/vega-lite-3.0.0-rc8.tgz#84cb71da1a7d91829279b5ea37f3677c72a7fb1e"
  integrity sha512-lvD3KAyBI4OFi4EGauRLEuy+XO55klyFAuRcyrCcNfIkvLZjQtVQw//tg7bytDX5IfY//Pwv8zdlFH25Yx2R3A==
  dependencies:
    fast-deep-equal "^2.0.1"
    json-stable-stringify "^1.0.1"
    json-stringify-pretty-compact "^1.2.0"
    tslib "^1.9.3"
    vega-event-selector "^2.0.0"
    vega-typings "0.3.48"
    vega-util "^1.7.0"
    yargs "^12.0.2"

vega-loader@^3.0.1:
  version "3.0.1"
  resolved "https://registry.yarnpkg.com/vega-loader/-/vega-loader-3.0.1.tgz#728426b54e74de7dbc91d418e05230bc7ee23a88"
  integrity sha1-coQmtU503n28kdQY4FIwvH7iOog=
  dependencies:
    d3-dsv "^1.0.8"
    d3-time-format "^2.1.1"
    node-fetch "^2.1.2"
    topojson-client "^3.0.0"
    vega-util "^1.7.0"

vega-parser@3.8.0, vega-parser@^3.8.0:
  version "3.8.0"
  resolved "https://registry.yarnpkg.com/vega-parser/-/vega-parser-3.8.0.tgz#875fe6d6d22649fdc9764ca57e2402d4bc9b3512"
  integrity sha512-kO8uZHjUq4fnBtiegueNmDP0dzckRW9zbZp285Ece1V6qRPmkatQSMcMQkc3RWqAjz76ty2I/qt1LcgMJXfeQw==
  dependencies:
    d3-array "^1.2.4"
    d3-color "^1.2.3"
    d3-format "^1.3.2"
    d3-geo "^1.11.1"
    d3-time-format "^2.1.3"
    vega-dataflow "^4.0.4"
    vega-event-selector "^2.0.0"
    vega-expression "^2.4.0"
    vega-scale "^2.5.0"
    vega-scenegraph "^3.2.3"
    vega-statistics "^1.2.2"
    vega-util "^1.7.0"

vega-projection@^1.2.0:
  version "1.2.0"
  resolved "https://registry.yarnpkg.com/vega-projection/-/vega-projection-1.2.0.tgz#812c955251dab495fda83d9406ba72d9833a2014"
  integrity sha1-gSyVUlHatJX9qD2UBrpy2YM6IBQ=
  dependencies:
    d3-geo "^1.10.0"

vega-runtime@^3.1.1:
  version "3.1.1"
  resolved "https://registry.yarnpkg.com/vega-runtime/-/vega-runtime-3.1.1.tgz#b6994d043b4f2d12616fdbce60d3524e4c5549e2"
  integrity sha512-blO3qROr+Rmy/X50tskG5iKmG/hzL55sdw/tly4VIStJ7sVE4ivc0iqyVuka7ID88ft3iVieljZGExAldP/S8w==
  dependencies:
    vega-dataflow "^4.0.4"
    vega-util "^1.7.0"

vega-scale@^2.1.1, vega-scale@^2.5.0:
  version "2.5.0"
  resolved "https://registry.yarnpkg.com/vega-scale/-/vega-scale-2.5.0.tgz#9fcb73650288454d597172df54222bc0229b5d74"
  integrity sha512-dDpVyQClEpZuR03c71jAPoBSHhkRYc+iyNerA9UeZYbOJZK/yhsicgbifXUEMz5cmJBdGIMFugbw/FBtmzeFQQ==
  dependencies:
    d3-array "^1.2.4"
    d3-interpolate "^1.3.2"
    d3-scale "^2.1.2"
    d3-scale-chromatic "^1.3.3"
    d3-time "^1.0.10"
    vega-util "^1.7.0"

vega-scenegraph@^3.2.3:
  version "3.2.3"
  resolved "https://registry.yarnpkg.com/vega-scenegraph/-/vega-scenegraph-3.2.3.tgz#72060c7f3b0e4421c4317a2f7a9a901870920a25"
  integrity sha512-L4mZ6LpEKvW5Q0c8gyqozGuoY5miJI4DiRipiAG0BQ6rB67tK+8qlaTfslX4tNBz88mu+CyVO9ZjNW/M4nBI3w==
  dependencies:
    d3-path "^1.0.7"
    d3-shape "^1.2.2"
    vega-canvas "^1.1.0"
    vega-loader "^3.0.1"
    vega-util "^1.7.0"

vega-statistics@^1.2.1, vega-statistics@^1.2.2:
  version "1.2.2"
  resolved "https://registry.yarnpkg.com/vega-statistics/-/vega-statistics-1.2.2.tgz#ce925d56bafec13d6bd0ee49e6d6c0c85e2be643"
  integrity sha512-8izr76Ub5n7vSV+I72t07LOGpgynXN1/0Kbrxpw4LaPEHPG4OWORiZczEypL2VWWGXU8GBVaXHSlrJvyWujo9A==
  dependencies:
    d3-array "^1.2.4"

vega-transforms@^2.3.0:
  version "2.3.0"
  resolved "https://registry.yarnpkg.com/vega-transforms/-/vega-transforms-2.3.0.tgz#bcfb90f8f8253914c71bad786ac230a16c2ae372"
  integrity sha512-iTcnKTAOMIDs2pYj82P6izEymXF04niMpAu8697aNUOe+6KsHjpJDV8EvBlHbcB6mZ99GwvtgTPzdV/2enb5eA==
  dependencies:
    d3-array "^1.2.4"
    vega-dataflow "^4.0.4"
    vega-statistics "^1.2.2"
    vega-util "^1.7.0"

vega-typings@*:
  version "0.2.9"
  resolved "https://registry.yarnpkg.com/vega-typings/-/vega-typings-0.2.9.tgz#e52d1ed5792eed6097807876c419831e52eea053"
  dependencies:
    prettier "^1.10.2"

vega-typings@0.3.48:
  version "0.3.48"
  resolved "https://registry.yarnpkg.com/vega-typings/-/vega-typings-0.3.48.tgz#3da160c27cfc8338e3ffb682bccd9cd73ad3e3de"
  integrity sha512-88dMuJuDzUyvqI0M2Vhzwl5QfWwXXXG8W1/sTtHTpQspPb+oJ1sKHKQ5ke2cUE24273nPgl+7JbaV8EAW7vxgw==
  dependencies:
    vega-util "^1.7.0"

vega-util@^1.7.0:
  version "1.7.0"
  resolved "https://registry.yarnpkg.com/vega-util/-/vega-util-1.7.0.tgz#0ca0512bb8dcc6541165c34663d115d0712e0cf1"

vega-view-transforms@^2.0.3:
  version "2.0.3"
  resolved "https://registry.yarnpkg.com/vega-view-transforms/-/vega-view-transforms-2.0.3.tgz#9999f83301efbe65ed1971018f538f5aeb62a16e"
  integrity sha512-m42sP2G72KIIEhbno5P3wYXuGe4C5fj0ztfg1TrSEmGsIHOqoehRvte/1e9q/dV+1rB3TqfcWXgQVEDHCFLEvQ==
  dependencies:
    vega-dataflow "^4.0.4"
    vega-scenegraph "^3.2.3"
    vega-util "^1.7.0"

vega-view@^3.4.0:
  version "3.4.0"
  resolved "https://registry.yarnpkg.com/vega-view/-/vega-view-3.4.0.tgz#158d4417e08573aa949789d9a119efd6a240ec09"
  integrity sha512-QLWYNaoA/m6M4n2CG98rsdgGbkjLTlFtUQleK9oy4XdTkSZSSwwVt/j3xDSCn1gvWMB7rxdBqisFnMi7oxSfOw==
  dependencies:
    d3-array "^1.2.4"
    d3-timer "^1.0.9"
    vega-dataflow "^4.0.4"
    vega-parser "^3.8.0"
    vega-runtime "^3.1.1"
    vega-scenegraph "^3.2.3"
    vega-util "^1.7.0"

vega-voronoi@^3.0.0:
  version "3.0.0"
  resolved "https://registry.yarnpkg.com/vega-voronoi/-/vega-voronoi-3.0.0.tgz#e83d014c0d8d083592d5246122e3a9d4af0ce434"
  integrity sha512-ZkQw4UprxqiS3IjrdLOoQq1oEeH0REqWonf7Wz5zt2pKDHyMPlFX89EueoDYOKnfQjk9/7IiptBDK1ruAbDNiQ==
  dependencies:
    d3-voronoi "^1.1.2"
    vega-dataflow "^4.0.0"
    vega-util "^1.7.0"

vega-wordcloud@^3.0.0:
  version "3.0.0"
  resolved "https://registry.yarnpkg.com/vega-wordcloud/-/vega-wordcloud-3.0.0.tgz#3843d5233673a36a93f78c849d3c7568c1cdc2ce"
  integrity sha512-/2F09L2tNTQ8aqK/ZLjd7m+fYwJR8/waE8YWuexLZob4+4BEByzqFfRMATE39ZpdTHOreCEQ5uUKyvv0qA6O0A==
  dependencies:
    vega-canvas "^1.0.1"
    vega-dataflow "^4.0.0"
    vega-scale "^2.1.1"
    vega-statistics "^1.2.1"
    vega-util "^1.7.0"

vega@^4.3.0:
  version "4.3.0"
  resolved "https://registry.yarnpkg.com/vega/-/vega-4.3.0.tgz#b002aeb06c3243156c6ab0f3442b3e9d8f1112d7"
  integrity sha512-edZvfqA3mekllovh0rcVNNDI+BNVoFmtPvgFnZ2NR1pXnTjuxY/Qs+UjFNWsAI8gJVAPL3bOeM3QXt2zBAr2qA==
  dependencies:
    vega-lib "4.3.0"
    vega-parser "3.8.0"
    vega-typings "*"
    yargs "12"
  optionalDependencies:
    canvas "^1.6.13"
    canvas-prebuilt "1.6.11"

which-module@^2.0.0:
  version "2.0.0"
  resolved "https://registry.yarnpkg.com/which-module/-/which-module-2.0.0.tgz#d9ef07dce77b9902b8a3a8fa4b31c3e3f7e6e87a"

which@^1.2.9:
  version "1.3.0"
  resolved "https://registry.yarnpkg.com/which/-/which-1.3.0.tgz#ff04bdfc010ee547d780bec38e1ac1c2777d253a"
  dependencies:
    isexe "^2.0.0"

wide-align@^1.1.0:
  version "1.1.2"
  resolved "https://registry.yarnpkg.com/wide-align/-/wide-align-1.1.2.tgz#571e0f1b0604636ebc0dfc21b0339bbe31341710"
  dependencies:
    string-width "^1.0.2"

wrap-ansi@^2.0.0:
  version "2.1.0"
  resolved "https://registry.yarnpkg.com/wrap-ansi/-/wrap-ansi-2.1.0.tgz#d8fc3d284dd05794fe84973caecdd1cf824fdd85"
  dependencies:
    string-width "^1.0.1"
    strip-ansi "^3.0.1"

wrappy@1:
  version "1.0.2"
  resolved "https://registry.yarnpkg.com/wrappy/-/wrappy-1.0.2.tgz#b5243d8f3ec1aa35f1364605bc0d1036e30ab69f"

xregexp@4.0.0:
  version "4.0.0"
  resolved "https://registry.yarnpkg.com/xregexp/-/xregexp-4.0.0.tgz#e698189de49dd2a18cc5687b05e17c8e43943020"
  integrity sha512-PHyM+sQouu7xspQQwELlGwwd05mXUFqwFYfqPO0cC7x4fxyHnnuetmQr6CjJiafIDoH4MogHb9dOoJzR/Y4rFg==

"y18n@^3.2.1 || ^4.0.0":
  version "4.0.0"
  resolved "https://registry.yarnpkg.com/y18n/-/y18n-4.0.0.tgz#95ef94f85ecc81d007c264e190a120f0a3c8566b"
  integrity sha512-r9S/ZyXu/Xu9q1tYlpsLIsa3EeLXXk0VwlxqTcFRfg9EhMW+17kbt9G0NrgCmhGb5vT2hyhJZLfDGx+7+5Uj/w==

yallist@^3.0.0, yallist@^3.0.2:
  version "3.0.2"
  resolved "https://registry.yarnpkg.com/yallist/-/yallist-3.0.2.tgz#8452b4bb7e83c7c188d8041c1a837c773d6d8bb9"
  integrity sha1-hFK0u36Dx8GI2AQcGoN8dz1ti7k=

yargs-parser@^10.1.0:
  version "10.1.0"
  resolved "https://registry.yarnpkg.com/yargs-parser/-/yargs-parser-10.1.0.tgz#7202265b89f7e9e9f2e5765e0fe735a905edbaa8"
  integrity sha512-VCIyR1wJoEBZUqk5PA+oOBF6ypbwh5aNB3I50guxAL/quggdfs4TtNHQrSazFA3fYZ+tEqfs0zIGlv0c/rgjbQ==
  dependencies:
    camelcase "^4.1.0"

yargs@12, yargs@^12.0.2:
  version "12.0.2"
  resolved "https://registry.yarnpkg.com/yargs/-/yargs-12.0.2.tgz#fe58234369392af33ecbef53819171eff0f5aadc"
  integrity sha512-e7SkEx6N6SIZ5c5H22RTZae61qtn3PYUE8JYbBFlK9sYmh3DMQ6E5ygtaG/2BW0JZi4WGgTR2IV5ChqlqrDGVQ==
  dependencies:
    cliui "^4.0.0"
    decamelize "^2.0.0"
    find-up "^3.0.0"
    get-caller-file "^1.0.1"
    os-locale "^3.0.0"
    require-directory "^2.1.1"
    require-main-filename "^1.0.1"
    set-blocking "^2.0.0"
    string-width "^2.0.0"
    which-module "^2.0.0"
    y18n "^3.2.1 || ^4.0.0"
    yargs-parser "^10.1.0"
