# THIS IS AN AUTOGENERATED FILE. DO NOT EDIT THIS FILE DIRECTLY.
# yarn lockfile v1


"@types/estree@0.0.38":
  version "0.0.38"
  resolved "https://registry.yarnpkg.com/@types/estree/-/estree-0.0.38.tgz#c1be40aa933723c608820a99a373a16d215a1ca2"

"@types/node@*", "@types/node@^10.0.2":
  version "10.0.2"
  resolved "https://registry.yarnpkg.com/@types/node/-/node-10.0.2.tgz#180046ebbc37de8b64777765c2486ebecb59448e"

rollup@^0.58.2:
  version "0.58.2"
  resolved "https://registry.yarnpkg.com/rollup/-/rollup-0.58.2.tgz#2feddea8c0c022f3e74b35c48e3c21b3433803ce"
  dependencies:
    "@types/estree" "0.0.38"
    "@types/node" "*"

typescript@^2.8.3:
  version "2.8.3"
  resolved "https://registry.yarnpkg.com/typescript/-/typescript-2.8.3.tgz#5d817f9b6f31bb871835f4edf0089f21abe6c170"
